
Microsoft Visual Studio Solution File, Format Version 12.00
# Visual Studio Version 18
VisualStudioVersion = 18.9.12120.119 stable
MinimumVisualStudioVersion = 10.0.40219.1
Project("{FAE04EC0-301F-11D3-BF4B-00C04F79EFBC}") = "Autumn", "Autumn.csproj", "{EA89B812-EABB-4D74-9DD5-34660C2E5595}"
EndProject
Global
	GlobalSection(SolutionConfigurationPlatforms) = preSolution
		Debug|Any CPU = Debug|Any CPU
		Release|Any CPU = Release|Any CPU
	EndGlobalSection
	GlobalSection(ProjectConfigurationPlatforms) = postSolution
		{EA89B812-EABB-4D74-9DD5-34660C2E5595}.Debug|Any CPU.ActiveCfg = Debug|Any CPU
		{EA89B812-EABB-4D74-9DD5-34660C2E5595}.Debug|Any CPU.Build.0 = Debug|Any CPU
		{EA89B812-EABB-4D74-9DD5-34660C2E5595}.Release|Any CPU.ActiveCfg = Release|Any CPU
		{EA89B812-EABB-4D74-9DD5-34660C2E5595}.Release|Any CPU.Build.0 = Release|Any CPU
	EndGlobalSection
	GlobalSection(SolutionProperties) = preSolution
		HideSolutionNode = FALSE
	EndGlobalSection
	GlobalSection(ExtensibilityGlobals) = postSolution
		SolutionGuid = {DDA4AD54-5A9D-49AE-868A-9BFE4E87A002}
	EndGlobalSection
	GlobalSection(MonoDevelopProperties) = preSolution
		Policies = $0
		$0.TextStylePolicy = $1
		$1.inheritsSet = null
		$1.scope = text/x-csharp
		$0.CSharpFormattingPolicy = $2
		$2.scope = text/x-csharp
		$0.TextStylePolicy = $3
		$3.FileWidth = 80
		$3.TabsToSpaces = True
		$3.scope = text/plain
		$0.DotNetNamingPolicy = $4
		$4.DirectoryNamespaceAssociation = PrefixedHierarchical
	EndGlobalSection
EndGlobal
